
Microsoft Visual Studio Solution File, Format Version 12.00
# Visual Studio Version 17
VisualStudioVersion = 17.4.33213.308
MinimumVisualStudioVersion = 10.0.40219.1
Project("{FAE04EC0-301F-11D3-BF4B-00C04F79EFBC}") = "2023_09_21_Filmprojekt", "2023_09_21_Filmprojekt\2023_09_21_Filmprojekt.csproj", "{092006C1-637C-494D-ABE7-FA5F07369626}"
EndProject
Global
	GlobalSection(SolutionConfigurationPlatforms) = preSolution
		Debug|Any CPU = Debug|Any CPU
		Release|Any CPU = Release|Any CPU
	EndGlobalSection
	GlobalSection(ProjectConfigurationPlatforms) = postSolution
		{092006C1-637C-494D-ABE7-FA5F07369626}.Debug|Any CPU.ActiveCfg = Debug|Any CPU
		{092006C1-637C-494D-ABE7-FA5F07369626}.Debug|Any CPU.Build.0 = Debug|Any CPU
		{092006C1-637C-494D-ABE7-FA5F07369626}.Release|Any CPU.ActiveCfg = Release|Any CPU
		{092006C1-637C-494D-ABE7-FA5F07369626}.Release|Any CPU.Build.0 = Release|Any CPU
	EndGlobalSection
	GlobalSection(SolutionProperties) = preSolution
		HideSolutionNode = FALSE
	EndGlobalSection
	GlobalSection(ExtensibilityGlobals) = postSolution
		SolutionGuid = {91ABC1E8-0397-4599-9E97-5D16882F14FA}
	EndGlobalSection
EndGlobal
